
Microsoft Visual Studio Solution File, Format Version 12.00
# Visual Studio Version 16
VisualStudioVersion = 16.0.31729.503
MinimumVisualStudioVersion = 10.0.40219.1
Project("{FAE04EC0-301F-11D3-BF4B-00C04F79EFBC}") = "AmirBegic.Android", "AmirBegic.Android\AmirBegic.Android.csproj", "{C2A12830-5BBB-456D-865A-B75A1109BA17}"
EndProject
Project("{FAE04EC0-301F-11D3-BF4B-00C04F79EFBC}") = "AmirBegic", "AmirBegic\AmirBegic.csproj", "{89C74750-C891-455E-9DAC-EEC458FB4A67}"
EndProject
Global
	GlobalSection(SolutionConfigurationPlatforms) = preSolution
		Debug|Any CPU = Debug|Any CPU
		Release|Any CPU = Release|Any CPU
	EndGlobalSection
	GlobalSection(ProjectConfigurationPlatforms) = postSolution
		{C2A12830-5BBB-456D-865A-B75A1109BA17}.Debug|Any CPU.ActiveCfg = Debug|Any CPU
		{C2A12830-5BBB-456D-865A-B75A1109BA17}.Debug|Any CPU.Build.0 = Debug|Any CPU
		{C2A12830-5BBB-456D-865A-B75A1109BA17}.Debug|Any CPU.Deploy.0 = Debug|Any CPU
		{C2A12830-5BBB-456D-865A-B75A1109BA17}.Release|Any CPU.ActiveCfg = Release|Any CPU
		{C2A12830-5BBB-456D-865A-B75A1109BA17}.Release|Any CPU.Build.0 = Release|Any CPU
		{C2A12830-5BBB-456D-865A-B75A1109BA17}.Release|Any CPU.Deploy.0 = Release|Any CPU
		{89C74750-C891-455E-9DAC-EEC458FB4A67}.Debug|Any CPU.ActiveCfg = Debug|Any CPU
		{89C74750-C891-455E-9DAC-EEC458FB4A67}.Debug|Any CPU.Build.0 = Debug|Any CPU
		{89C74750-C891-455E-9DAC-EEC458FB4A67}.Debug|Any CPU.Deploy.0 = Debug|Any CPU
		{89C74750-C891-455E-9DAC-EEC458FB4A67}.Release|Any CPU.ActiveCfg = Release|Any CPU
		{89C74750-C891-455E-9DAC-EEC458FB4A67}.Release|Any CPU.Build.0 = Release|Any CPU
		{89C74750-C891-455E-9DAC-EEC458FB4A67}.Release|Any CPU.Deploy.0 = Release|Any CPU
	EndGlobalSection
	GlobalSection(SolutionProperties) = preSolution
		HideSolutionNode = FALSE
	EndGlobalSection
	GlobalSection(ExtensibilityGlobals) = postSolution
		SolutionGuid = {8D3FDD0D-D0FF-4FD3-92C3-98EEB3AB3B5C}
	EndGlobalSection
EndGlobal
